
Microsoft Visual Studio Solution File, Format Version 12.00
# Visual Studio Version 17
VisualStudioVersion = 17.11.35312.102
MinimumVisualStudioVersion = 10.0.40219.1
Project("{FAE04EC0-301F-11D3-BF4B-00C04F79EFBC}") = "Tarea1", "Tarea1\Tarea1.csproj", "{97BFE794-F930-40C1-A6EB-052C09A98AD4}"
EndProject
Global
	GlobalSection(SolutionConfigurationPlatforms) = preSolution
		Debug|Any CPU = Debug|Any CPU
		Release|Any CPU = Release|Any CPU
	EndGlobalSection
	GlobalSection(ProjectConfigurationPlatforms) = postSolution
		{97BFE794-F930-40C1-A6EB-052C09A98AD4}.Debug|Any CPU.ActiveCfg = Debug|Any CPU
		{97BFE794-F930-40C1-A6EB-052C09A98AD4}.Debug|Any CPU.Build.0 = Debug|Any CPU
		{97BFE794-F930-40C1-A6EB-052C09A98AD4}.Release|Any CPU.ActiveCfg = Release|Any CPU
		{97BFE794-F930-40C1-A6EB-052C09A98AD4}.Release|Any CPU.Build.0 = Release|Any CPU
	EndGlobalSection
	GlobalSection(SolutionProperties) = preSolution
		HideSolutionNode = FALSE
	EndGlobalSection
	GlobalSection(ExtensibilityGlobals) = postSolution
		SolutionGuid = {387D76FE-CCA7-47B2-B67F-47E8F7CC938B}
	EndGlobalSection
EndGlobal
