
Microsoft Visual Studio Solution File, Format Version 12.00
# Visual Studio Version 17
VisualStudioVersion = 17.11.35312.102
MinimumVisualStudioVersion = 10.0.40219.1
Project("{9A19103F-16F7-4668-BE54-9A1E7A4F7556}") = "Tarea1", "Tarea1\Tarea1.csproj", "{97BFE794-F930-40C1-A6EB-052C09A98AD4}"
EndProject
Project("{9A19103F-16F7-4668-BE54-9A1E7A4F7556}") = "Tarea2", "Tarea2\Tarea2.csproj", "{055623B0-B61C-41DD-A775-A72FEAE54A9A}"
EndProject
Project("{9A19103F-16F7-4668-BE54-9A1E7A4F7556}") = "Tarea3", "Tarea3\Tarea3.csproj", "{610AAA5A-20AF-461E-9001-7221C9EF984B}"
EndProject
Project("{9A19103F-16F7-4668-BE54-9A1E7A4F7556}") = "Tarea 5", "Tarea 5\Tarea 5.csproj", "{F10836C1-C4B9-4E7F-B0CA-A52C1625617E}"
EndProject
Project("{9A19103F-16F7-4668-BE54-9A1E7A4F7556}") = "Tarea 4", "Tarea 4\Tarea 4.csproj", "{26B69139-4B4E-4C59-AAF4-71C0A570104E}"
EndProject
Project("{FAE04EC0-301F-11D3-BF4B-00C04F79EFBC}") = "Tarea 5 Winform", "Tarea 5 Winform\Tarea 5 Winform.csproj", "{9C74413B-F5CA-42E7-9E94-B13B4D74E848}"
EndProject
Global
	GlobalSection(SolutionConfigurationPlatforms) = preSolution
		Debug|Any CPU = Debug|Any CPU
		Release|Any CPU = Release|Any CPU
	EndGlobalSection
	GlobalSection(ProjectConfigurationPlatforms) = postSolution
		{97BFE794-F930-40C1-A6EB-052C09A98AD4}.Debug|Any CPU.ActiveCfg = Debug|Any CPU
		{97BFE794-F930-40C1-A6EB-052C09A98AD4}.Debug|Any CPU.Build.0 = Debug|Any CPU
		{97BFE794-F930-40C1-A6EB-052C09A98AD4}.Release|Any CPU.ActiveCfg = Release|Any CPU
		{97BFE794-F930-40C1-A6EB-052C09A98AD4}.Release|Any CPU.Build.0 = Release|Any CPU
		{055623B0-B61C-41DD-A775-A72FEAE54A9A}.Debug|Any CPU.ActiveCfg = Debug|Any CPU
		{055623B0-B61C-41DD-A775-A72FEAE54A9A}.Debug|Any CPU.Build.0 = Debug|Any CPU
		{055623B0-B61C-41DD-A775-A72FEAE54A9A}.Release|Any CPU.ActiveCfg = Release|Any CPU
		{055623B0-B61C-41DD-A775-A72FEAE54A9A}.Release|Any CPU.Build.0 = Release|Any CPU
		{610AAA5A-20AF-461E-9001-7221C9EF984B}.Debug|Any CPU.ActiveCfg = Debug|Any CPU
		{610AAA5A-20AF-461E-9001-7221C9EF984B}.Debug|Any CPU.Build.0 = Debug|Any CPU
		{610AAA5A-20AF-461E-9001-7221C9EF984B}.Release|Any CPU.ActiveCfg = Release|Any CPU
		{610AAA5A-20AF-461E-9001-7221C9EF984B}.Release|Any CPU.Build.0 = Release|Any CPU
		{F10836C1-C4B9-4E7F-B0CA-A52C1625617E}.Debug|Any CPU.ActiveCfg = Debug|Any CPU
		{F10836C1-C4B9-4E7F-B0CA-A52C1625617E}.Debug|Any CPU.Build.0 = Debug|Any CPU
		{F10836C1-C4B9-4E7F-B0CA-A52C1625617E}.Release|Any CPU.ActiveCfg = Release|Any CPU
		{F10836C1-C4B9-4E7F-B0CA-A52C1625617E}.Release|Any CPU.Build.0 = Release|Any CPU
		{26B69139-4B4E-4C59-AAF4-71C0A570104E}.Debug|Any CPU.ActiveCfg = Debug|Any CPU
		{26B69139-4B4E-4C59-AAF4-71C0A570104E}.Debug|Any CPU.Build.0 = Debug|Any CPU
		{26B69139-4B4E-4C59-AAF4-71C0A570104E}.Release|Any CPU.ActiveCfg = Release|Any CPU
		{26B69139-4B4E-4C59-AAF4-71C0A570104E}.Release|Any CPU.Build.0 = Release|Any CPU
		{9C74413B-F5CA-42E7-9E94-B13B4D74E848}.Debug|Any CPU.ActiveCfg = Debug|Any CPU
		{9C74413B-F5CA-42E7-9E94-B13B4D74E848}.Debug|Any CPU.Build.0 = Debug|Any CPU
		{9C74413B-F5CA-42E7-9E94-B13B4D74E848}.Release|Any CPU.ActiveCfg = Release|Any CPU
		{9C74413B-F5CA-42E7-9E94-B13B4D74E848}.Release|Any CPU.Build.0 = Release|Any CPU
	EndGlobalSection
	GlobalSection(SolutionProperties) = preSolution
		HideSolutionNode = FALSE
	EndGlobalSection
	GlobalSection(ExtensibilityGlobals) = postSolution
		SolutionGuid = {387D76FE-CCA7-47B2-B67F-47E8F7CC938B}
	EndGlobalSection
EndGlobal
